// !$*UTF8*$!
{
	archiveVersion = 1;
	classes = {
	};
	objectVersion = 77;
	objects = {

/* Begin PBXContainerItemProxy section */
		1104DCD82F6AA248005E9B4E /* PBXContainerItemProxy */ = {
			isa = PBXContainerItemProxy;
			containerPortal = 1104DCC22F6AA246005E9B4E /* Project object */;
			proxyType = 1;
			remoteGlobalIDString = 1104DCC92F6AA247005E9B4E;
			remoteInfo = Aphelion;
		};
		1104DCE22F6AA248005E9B4E /* PBXContainerItemProxy */ = {
			isa = PBXContainerItemProxy;
			containerPortal = 1104DCC22F6AA246005E9B4E /* Project object */;
			proxyType = 1;
			remoteGlobalIDString = 1104DCC92F6AA247005E9B4E;
			remoteInfo = Aphelion;
		};
/* End PBXContainerItemProxy section */

/* Begin PBXFileReference section */
		1104DCCA2F6AA247005E9B4E /* Aphelion.app */ = {isa = PBXFileReference; explicitFileType = wrapper.application; includeInIndex = 0; path = Aphelion.app; sourceTree = BUILT_PRODUCTS_DIR; };
		1104DCD72F6AA248005E9B4E /* AphelionTests.xctest */ = {isa = PBXFileReference; explicitFileType = wrapper.cfbundle; includeInIndex = 0; path = AphelionTests.xctest; sourceTree = BUILT_PRODUCTS_DIR; };
		1104DCE12F6AA248005E9B4E /* AphelionUITests.xctest */ = {isa = PBXFileReference; explicitFileType = wrapper.cfbundle; includeInIndex = 0; path = AphelionUITests.xctest; sourceTree = BUILT_PRODUCTS_DIR; };
/* End PBXFileReference section */

/* Begin PBXFileSystemSynchronizedBuildFileExceptionSet section */
		1104DD192F6BDA1E005E9B4E /* Exceptions for "Aphelion" folder in "Aphelion" target */ = {
			isa = PBXFileSystemSynchronizedBuildFileExceptionSet;
			membershipExceptions = (
				Info.plist,
			);
			target = 1104DCC92F6AA247005E9B4E /* Aphelion */;
		};
/* End PBXFileSystemSynchronizedBuildFileExceptionSet section */

/* Begin PBXFileSystemSynchronizedRootGroup section */
		1104DCCC2F6AA247005E9B4E /* Aphelion */ = {
			isa = PBXFileSystemSynchronizedRootGroup;
			exceptions = (
				1104DD192F6BDA1E005E9B4E /* Exceptions for "Aphelion" folder in "Aphelion" target */,
			);
			path = Aphelion;
			sourceTree = "<group>";
		};
		1104DCDA2F6AA248005E9B4E /* AphelionTests */ = {
			isa = PBXFileSystemSynchronizedRootGroup;
			path = AphelionTests;
			sourceTree = "<group>";
		};
		1104DCE42F6AA248005E9B4E /* AphelionUITests */ = {
			isa = PBXFileSystemSynchronizedRootGroup;
			path = AphelionUITests;
			sourceTree = "<group>";
		};
/* End PBXFileSystemSynchronizedRootGroup section */

/* Begin PBXFrameworksBuildPhase section */
		1104DCC72F6AA247005E9B4E /* Frameworks */ = {
			isa = PBXFrameworksBuildPhase;
			buildActionMask = 2147483647;
			files = (
			);
			runOnlyForDeploymentPostprocessing = 0;
		};
		1104DCD42F6AA248005E9B4E /* Frameworks */ = {
			isa = PBXFrameworksBuildPhase;
			buildActionMask = 2147483647;
			files = (
			);
			runOnlyForDeploymentPostprocessing = 0;
		};
		1104DCDE2F6AA248005E9B4E /* Frameworks */ = {
			isa = PBXFrameworksBuildPhase;
			buildActionMask = 2147483647;
			files = (
			);
			runOnlyForDeploymentPostprocessing = 0;
		};
/* End PBXFrameworksBuildPhase section */

/* Begin PBXGroup section */
		1104DCC12F6AA246005E9B4E = {
			isa = PBXGroup;
			children = (
				1104DCCC2F6AA247005E9B4E /* Aphelion */,
				1104DCDA2F6AA248005E9B4E /* AphelionTests */,
				1104DCE42F6AA248005E9B4E /* AphelionUITests */,
				1104DCCB2F6AA247005E9B4E /* Products */,
			);
			sourceTree = "<group>";
		};
		1104DCCB2F6AA247005E9B4E /* Products */ = {
			isa = PBXGroup;
			children = (
				1104DCCA2F6AA247005E9B4E /* Aphelion.app */,
				1104DCD72F6AA248005E9B4E /* AphelionTests.xctest */,
				1104DCE12F6AA248005E9B4E /* AphelionUITests.xctest */,
			);
			name = Products;
			sourceTree = "<group>";
		};
/* End PBXGroup section */

/* Begin PBXNativeTarget section */
		1104DCC92F6AA247005E9B4E /* Aphelion */ = {
			isa = PBXNativeTarget;
			buildConfigurationList = 1104DCEB2F6AA248005E9B4E /* Build configuration list for PBXNativeTarget "Aphelion" */;
			buildPhases = (
				1104DCC62F6AA247005E9B4E /* Sources */,
				1104DCC72F6AA247005E9B4E /* Frameworks */,
				1104DCC82F6AA247005E9B4E /* Resources */,
			);
			buildRules = (
			);
			dependencies = (
			);
			fileSystemSynchronizedGroups = (
				1104DCCC2F6AA247005E9B4E /* Aphelion */,
			);
			name = Aphelion;
			packageProductDependencies = (
			);
			productName = Aphelion;
			productReference = 1104DCCA2F6AA247005E9B4E /* Aphelion.app */;
			productType = "com.apple.product-type.application";
		};
		1104DCD62F6AA248005E9B4E /* AphelionTests */ = {
			isa = PBXNativeTarget;
			buildConfigurationList = 1104DCEE2F6AA248005E9B4E /* Build configuration list for PBXNativeTarget "AphelionTests" */;
			buildPhases = (
				1104DCD32F6AA248005E9B4E /* Sources */,
				1104DCD42F6AA248005E9B4E /* Frameworks */,
				1104DCD52F6AA248005E9B4E /* Resources */,
			);
			buildRules = (
			);
			dependencies = (
				1104DCD92F6AA248005E9B4E /* PBXTargetDependency */,
			);
			fileSystemSynchronizedGroups = (
				1104DCDA2F6AA248005E9B4E /* AphelionTests */,
			);
			name = AphelionTests;
			packageProductDependencies = (
			);
			productName = AphelionTests;
			productReference = 1104DCD72F6AA248005E9B4E /* AphelionTests.xctest */;
			productType = "com.apple.product-type.bundle.unit-test";
		};
		1104DCE02F6AA248005E9B4E /* AphelionUITests */ = {
			isa = PBXNativeTarget;
			buildConfigurationList = 1104DCF12F6AA248005E9B4E /* Build configuration list for PBXNativeTarget "AphelionUITests" */;
			buildPhases = (
				1104DCDD2F6AA248005E9B4E /* Sources */,
				1104DCDE2F6AA248005E9B4E /* Frameworks */,
				1104DCDF2F6AA248005E9B4E /* Resources */,
			);
			buildRules = (
			);
			dependencies = (
				1104DCE32F6AA248005E9B4E /* PBXTargetDependency */,
			);
			fileSystemSynchronizedGroups = (
				1104DCE42F6AA248005E9B4E /* AphelionUITests */,
			);
			name = AphelionUITests;
			packageProductDependencies = (
			);
			productName = AphelionUITests;
			productReference = 1104DCE12F6AA248005E9B4E /* AphelionUITests.xctest */;
			productType = "com.apple.product-type.bundle.ui-testing";
		};
/* End PBXNativeTarget section */

/* Begin PBXProject section */
		1104DCC22F6AA246005E9B4E /* Project object */ = {
			isa = PBXProject;
			attributes = {
				BuildIndependentTargetsInParallel = 1;
				LastSwiftUpdateCheck = 2630;
				LastUpgradeCheck = 2630;
				TargetAttributes = {
					1104DCC92F6AA247005E9B4E = {
						CreatedOnToolsVersion = 26.3;
					};
					1104DCD62F6AA248005E9B4E = {
						CreatedOnToolsVersion = 26.3;
						TestTargetID = 1104DCC92F6AA247005E9B4E;
					};
					1104DCE02F6AA248005E9B4E = {
						CreatedOnToolsVersion = 26.3;
						TestTargetID = 1104DCC92F6AA247005E9B4E;
					};
				};
			};
			buildConfigurationList = 1104DCC52F6AA246005E9B4E /* Build configuration list for PBXProject "Aphelion" */;
			developmentRegion = en;
			hasScannedForEncodings = 0;
			knownRegions = (
				en,
				Base,
			);
			mainGroup = 1104DCC12F6AA246005E9B4E;
			minimizedProjectReferenceProxies = 1;
			preferredProjectObjectVersion = 77;
			productRefGroup = 1104DCCB2F6AA247005E9B4E /* Products */;
			projectDirPath = "";
			projectRoot = "";
			targets = (
				1104DCC92F6AA247005E9B4E /* Aphelion */,
				1104DCD62F6AA248005E9B4E /* AphelionTests */,
				1104DCE02F6AA248005E9B4E /* AphelionUITests */,
			);
		};
/* End PBXProject section */

/* Begin PBXResourcesBuildPhase section */
		1104DCC82F6AA247005E9B4E /* Resources */ = {
			isa = PBXResourcesBuildPhase;
			buildActionMask = 2147483647;
			files = (
			);
			runOnlyForDeploymentPostprocessing = 0;
		};
		1104DCD52F6AA248005E9B4E /* Resources */ = {
			isa = PBXResourcesBuildPhase;
			buildActionMask = 2147483647;
			files = (
			);
			runOnlyForDeploymentPostprocessing = 0;
		};
		1104DCDF2F6AA248005E9B4E /* Resources */ = {
			isa = PBXResourcesBuildPhase;
			buildActionMask = 2147483647;
			files = (
			);
			runOnlyForDeploymentPostprocessing = 0;
		};
/* End PBXResourcesBuildPhase section */

/* Begin PBXSourcesBuildPhase section */
		1104DCC62F6AA247005E9B4E /* Sources */ = {
			isa = PBXSourcesBuildPhase;
			buildActionMask = 2147483647;
			files = (
			);
			runOnlyForDeploymentPostprocessing = 0;
		};
		1104DCD32F6AA248005E9B4E /* Sources */ = {
			isa = PBXSourcesBuildPhase;
			buildActionMask = 2147483647;
			files = (
			);
			runOnlyForDeploymentPostprocessing = 0;
		};
		1104DCDD2F6AA248005E9B4E /* Sources */ = {
			isa = PBXSourcesBuildPhase;
			buildActionMask = 2147483647;
			files = (
			);
			runOnlyForDeploymentPostprocessing = 0;
		};
/* End PBXSourcesBuildPhase section */

/* Begin PBXTargetDependency section */
		1104DCD92F6AA248005E9B4E /* PBXTargetDependency */ = {
			isa = PBXTargetDependency;
			target = 1104DCC92F6AA247005E9B4E /* Aphelion */;
			targetProxy = 1104DCD82F6AA248005E9B4E /* PBXContainerItemProxy */;
		};
		1104DCE32F6AA248005E9B4E /* PBXTargetDependency */ = {
			isa = PBXTargetDependency;
			target = 1104DCC92F6AA247005E9B4E /* Aphelion */;
			targetProxy = 1104DCE22F6AA248005E9B4E /* PBXContainerItemProxy */;
		};
/* End PBXTargetDependency section */

/* Begin XCBuildConfiguration section */
		1104DCE92F6AA248005E9B4E /* Debug */ = {
			isa = XCBuildConfiguration;
			buildSettings = {
				ALWAYS_SEARCH_USER_PATHS = NO;
				ASSETCATALOG_COMPILER_GENERATE_SWIFT_ASSET_SYMBOL_EXTENSIONS = YES;
				CLANG_ANALYZER_NONNULL = YES;
				CLANG_ANALYZER_NUMBER_OBJECT_CONVERSION = YES_AGGRESSIVE;
				CLANG_CXX_LANGUAGE_STANDARD = "gnu++20";
				CLANG_ENABLE_MODULES = YES;
				CLANG_ENABLE_OBJC_ARC = YES;
				CLANG_ENABLE_OBJC_WEAK = YES;
				CLANG_WARN_BLOCK_CAPTURE_AUTORELEASING = YES;
				CLANG_WARN_BOOL_CONVERSION = YES;
				CLANG_WARN_COMMA = YES;
				CLANG_WARN_CONSTANT_CONVERSION = YES;
				CLANG_WARN_DEPRECATED_OBJC_IMPLEMENTATIONS = YES;
				CLANG_WARN_DIRECT_OBJC_ISA_USAGE = YES_ERROR;
				CLANG_WARN_DOCUMENTATION_COMMENTS = YES;
				CLANG_WARN_EMPTY_BODY = YES;
				CLANG_WARN_ENUM_CONVERSION = YES;
				CLANG_WARN_INFINITE_RECURSION = YES;
				CLANG_WARN_INT_CONVERSION = YES;
				CLANG_WARN_NON_LITERAL_NULL_CONVERSION = YES;
				CLANG_WARN_OBJC_IMPLICIT_RETAIN_SELF = YES;
				CLANG_WARN_OBJC_LITERAL_CONVERSION = YES;
				CLANG_WARN_OBJC_ROOT_CLASS = YES_ERROR;
				CLANG_WARN_QUOTED_INCLUDE_IN_FRAMEWORK_HEADER = YES;
				CLANG_WARN_RANGE_LOOP_ANALYSIS = YES;
				CLANG_WARN_STRICT_PROTOTYPES = YES;
				CLANG_WARN_SUSPICIOUS_MOVE = YES;
				CLANG_WARN_UNGUARDED_AVAILABILITY = YES_AGGRESSIVE;
				CLANG_WARN_UNREACHABLE_CODE = YES;
				CLANG_WARN__DUPLICATE_METHOD_MATCH = YES;
				COPY_PHASE_STRIP = NO;
				DEBUG_INFORMATION_FORMAT = dwarf;
				ENABLE_STRICT_OBJC_MSGSEND = YES;
				ENABLE_TESTABILITY = YES;
				ENABLE_USER_SCRIPT_SANDBOXING = YES;
				GCC_C_LANGUAGE_STANDARD = gnu17;
				GCC_DYNAMIC_NO_PIC = NO;
				GCC_NO_COMMON_BLOCKS = YES;
				GCC_OPTIMIZATION_LEVEL = 0;
				GCC_PREPROCESSOR_DEFINITIONS = (
					"DEBUG=1",
					"$(inherited)",
				);
				GCC_WARN_64_TO_32_BIT_CONVERSION = YES;
				GCC_WARN_ABOUT_RETURN_TYPE = YES_ERROR;
				GCC_WARN_UNDECLARED_SELECTOR = YES;
				GCC_WARN_UNINITIALIZED_AUTOS = YES_AGGRESSIVE;
				GCC_WARN_UNUSED_FUNCTION = YES;
				GCC_WARN_UNUSED_VARIABLE = YES;
				IPHONEOS_DEPLOYMENT_TARGET = 26.2;
				LOCALIZATION_PREFERS_STRING_CATALOGS = YES;
				MTL_ENABLE_DEBUG_INFO = INCLUDE_SOURCE;
				MTL_FAST_MATH = YES;
				ONLY_ACTIVE_ARCH = YES;
				SDKROOT = iphoneos;
				SWIFT_ACTIVE_COMPILATION_CONDITIONS = "DEBUG $(inherited)";
				SWIFT_OPTIMIZATION_LEVEL = "-Onone";
			};
			name = Debug;
		};
		1104DCEA2F6AA248005E9B4E /* Release */ = {
			isa = XCBuildConfiguration;
			buildSettings = {
				ALWAYS_SEARCH_USER_PATHS = NO;
				ASSETCATALOG_COMPILER_GENERATE_SWIFT_ASSET_SYMBOL_EXTENSIONS = YES;
				CLANG_ANALYZER_NONNULL = YES;
				CLANG_ANALYZER_NUMBER_OBJECT_CONVERSION = YES_AGGRESSIVE;
				CLANG_CXX_LANGUAGE_STANDARD = "gnu++20";
				CLANG_ENABLE_MODULES = YES;
				CLANG_ENABLE_OBJC_ARC = YES;
				CLANG_ENABLE_OBJC_WEAK = YES;
				CLANG_WARN_BLOCK_CAPTURE_AUTORELEASING = YES;
				CLANG_WARN_BOOL_CONVERSION = YES;
				CLANG_WARN_COMMA = YES;
				CLANG_WARN_CONSTANT_CONVERSION = YES;
				CLANG_WARN_DEPRECATED_OBJC_IMPLEMENTATIONS = YES;
				CLANG_WARN_DIRECT_OBJC_ISA_USAGE = YES_ERROR;
				CLANG_WARN_DOCUMENTATION_COMMENTS = YES;
				CLANG_WARN_EMPTY_BODY = YES;
				CLANG_WARN_ENUM_CONVERSION = YES;
				CLANG_WARN_INFINITE_RECURSION = YES;
				CLANG_WARN_INT_CONVERSION = YES;
				CLANG_WARN_NON_LITERAL_NULL_CONVERSION = YES;
				CLANG_WARN_OBJC_IMPLICIT_RETAIN_SELF = YES;
				CLANG_WARN_OBJC_LITERAL_CONVERSION = YES;
				CLANG_WARN_OBJC_ROOT_CLASS = YES_ERROR;
				CLANG_WARN_QUOTED_INCLUDE_IN_FRAMEWORK_HEADER = YES;
				CLANG_WARN_RANGE_LOOP_ANALYSIS = YES;
				CLANG_WARN_STRICT_PROTOTYPES = YES;
				CLANG_WARN_SUSPICIOUS_MOVE = YES;
				CLANG_WARN_UNGUARDED_AVAILABILITY = YES_AGGRESSIVE;
				CLANG_WARN_UNREACHABLE_CODE = YES;
				CLANG_WARN__DUPLICATE_METHOD_MATCH = YES;
				COPY_PHASE_STRIP = NO;
				DEBUG_INFORMATION_FORMAT = "dwarf-with-dsym";
				ENABLE_NS_ASSERTIONS = NO;
				ENABLE_STRICT_OBJC_MSGSEND = YES;
				ENABLE_USER_SCRIPT_SANDBOXING = YES;
				GCC_C_LANGUAGE_STANDARD = gnu17;
				GCC_NO_COMMON_BLOCKS = YES;
				GCC_WARN_64_TO_32_BIT_CONVERSION = YES;
				GCC_WARN_ABOUT_RETURN_TYPE = YES_ERROR;
				GCC_WARN_UNDECLARED_SELECTOR = YES;
				GCC_WARN_UNINITIALIZED_AUTOS = YES_AGGRESSIVE;
				GCC_WARN_UNUSED_FUNCTION = YES;
				GCC_WARN_UNUSED_VARIABLE = YES;
				IPHONEOS_DEPLOYMENT_TARGET = 26.2;
				LOCALIZATION_PREFERS_STRING_CATALOGS = YES;
				MTL_ENABLE_DEBUG_INFO = NO;
				MTL_FAST_MATH = YES;
				SDKROOT = iphoneos;
				SWIFT_COMPILATION_MODE = wholemodule;
				VALIDATE_PRODUCT = YES;
			};
			name = Release;
		};
		1104DCEC2F6AA248005E9B4E /* Debug */ = {
			isa = XCBuildConfiguration;
			baseConfigurationReferenceAnchor = 1104DCCC2F6AA247005E9B4E /* Aphelion */;
			baseConfigurationReferenceRelativePath = Config.xcconfig;
			buildSettings = {
				ASSETCATALOG_COMPILER_APPICON_NAME = AppIcon;
				ASSETCATALOG_COMPILER_GLOBAL_ACCENT_COLOR_NAME = AccentColor;
				CODE_SIGN_STYLE = Automatic;
				CURRENT_PROJECT_VERSION = 1;
				ENABLE_PREVIEWS = YES;
				GENERATE_INFOPLIST_FILE = YES;
				INFOPLIST_FILE = Aphelion/Info.plist;
				INFOPLIST_KEY_UIApplicationSceneManifest_Generation = YES;
				INFOPLIST_KEY_UIApplicationSupportsIndirectInputEvents = YES;
				INFOPLIST_KEY_UILaunchScreen_Generation = YES;
				INFOPLIST_KEY_UISupportedInterfaceOrientations_iPad = "UIInterfaceOrientationPortrait UIInterfaceOrientationPortraitUpsideDown UIInterfaceOrientationLandscapeLeft UIInterfaceOrientationLandscapeRight";
				INFOPLIST_KEY_UISupportedInterfaceOrientations_iPhone = "UIInterfaceOrientationPortrait UIInterfaceOrientationLandscapeLeft UIInterfaceOrientationLandscapeRight";
				LD_RUNPATH_SEARCH_PATHS = (
					"$(inherited)",
					"@executable_path/Frameworks",
				);
				MARKETING_VERSION = 1.0;
				PRODUCT_BUNDLE_IDENTIFIER = com.nikita.dev.Aphelion;
				PRODUCT_NAME = "$(TARGET_NAME)";
				STRING_CATALOG_GENERATE_SYMBOLS = YES;
				SWIFT_APPROACHABLE_CONCURRENCY = YES;
				SWIFT_DEFAULT_ACTOR_ISOLATION = MainActor;
				SWIFT_EMIT_LOC_STRINGS = YES;
				SWIFT_UPCOMING_FEATURE_MEMBER_IMPORT_VISIBILITY = YES;
				SWIFT_VERSION = 5.0;
				TARGETED_DEVICE_FAMILY = "1,2";
			};
			name = Debug;
		};
		1104DCED2F6AA248005E9B4E /* Release */ = {
			isa = XCBuildConfiguration;
			baseConfigurationReferenceAnchor = 1104DCCC2F6AA247005E9B4E /* Aphelion */;
			baseConfigurationReferenceRelativePath = Config.xcconfig;
			buildSettings = {
				ASSETCATALOG_COMPILER_APPICON_NAME = AppIcon;
				ASSETCATALOG_COMPILER_GLOBAL_ACCENT_COLOR_NAME = AccentColor;
				CODE_SIGN_STYLE = Automatic;
				CURRENT_PROJECT_VERSION = 1;
				ENABLE_PREVIEWS = YES;
				GENERATE_INFOPLIST_FILE = YES;
				INFOPLIST_FILE = Aphelion/Info.plist;
				INFOPLIST_KEY_UIApplicationSceneManifest_Generation = YES;
				INFOPLIST_KEY_UIApplicationSupportsIndirectInputEvents = YES;
				INFOPLIST_KEY_UILaunchScreen_Generation = YES;
				INFOPLIST_KEY_UISupportedInterfaceOrientations_iPad = "UIInterfaceOrientationPortrait UIInterfaceOrientationPortraitUpsideDown UIInterfaceOrientationLandscapeLeft UIInterfaceOrientationLandscapeRight";
				INFOPLIST_KEY_UISupportedInterfaceOrientations_iPhone = "UIInterfaceOrientationPortrait UIInterfaceOrientationLandscapeLeft UIInterfaceOrientationLandscapeRight";
				LD_RUNPATH_SEARCH_PATHS = (
					"$(inherited)",
					"@executable_path/Frameworks",
				);
				MARKETING_VERSION = 1.0;
				PRODUCT_BUNDLE_IDENTIFIER = com.nikita.dev.Aphelion;
				PRODUCT_NAME = "$(TARGET_NAME)";
				STRING_CATALOG_GENERATE_SYMBOLS = YES;
				SWIFT_APPROACHABLE_CONCURRENCY = YES;
				SWIFT_DEFAULT_ACTOR_ISOLATION = MainActor;
				SWIFT_EMIT_LOC_STRINGS = YES;
				SWIFT_UPCOMING_FEATURE_MEMBER_IMPORT_VISIBILITY = YES;
				SWIFT_VERSION = 5.0;
				TARGETED_DEVICE_FAMILY = "1,2";
			};
			name = Release;
		};
		1104DCEF2F6AA248005E9B4E /* Debug */ = {
			isa = XCBuildConfiguration;
			buildSettings = {
				BUNDLE_LOADER = "$(TEST_HOST)";
				CODE_SIGN_STYLE = Automatic;
				CURRENT_PROJECT_VERSION = 1;
				GENERATE_INFOPLIST_FILE = YES;
				IPHONEOS_DEPLOYMENT_TARGET = 26.2;
				MARKETING_VERSION = 1.0;
				PRODUCT_BUNDLE_IDENTIFIER = com.nikita.dev.AphelionTests;
				PRODUCT_NAME = "$(TARGET_NAME)";
				STRING_CATALOG_GENERATE_SYMBOLS = NO;
				SWIFT_APPROACHABLE_CONCURRENCY = YES;
				SWIFT_EMIT_LOC_STRINGS = NO;
				SWIFT_UPCOMING_FEATURE_MEMBER_IMPORT_VISIBILITY = YES;
				SWIFT_VERSION = 5.0;
				TARGETED_DEVICE_FAMILY = "1,2";
				TEST_HOST = "$(BUILT_PRODUCTS_DIR)/Aphelion.app/$(BUNDLE_EXECUTABLE_FOLDER_PATH)/Aphelion";
			};
			name = Debug;
		};
		1104DCF02F6AA248005E9B4E /* Release */ = {
			isa = XCBuildConfiguration;
			buildSettings = {
				BUNDLE_LOADER = "$(TEST_HOST)";
				CODE_SIGN_STYLE = Automatic;
				CURRENT_PROJECT_VERSION = 1;
				GENERATE_INFOPLIST_FILE = YES;
				IPHONEOS_DEPLOYMENT_TARGET = 26.2;
				MARKETING_VERSION = 1.0;
				PRODUCT_BUNDLE_IDENTIFIER = com.nikita.dev.AphelionTests;
				PRODUCT_NAME = "$(TARGET_NAME)";
				STRING_CATALOG_GENERATE_SYMBOLS = NO;
				SWIFT_APPROACHABLE_CONCURRENCY = YES;
				SWIFT_EMIT_LOC_STRINGS = NO;
				SWIFT_UPCOMING_FEATURE_MEMBER_IMPORT_VISIBILITY = YES;
				SWIFT_VERSION = 5.0;
				TARGETED_DEVICE_FAMILY = "1,2";
				TEST_HOST = "$(BUILT_PRODUCTS_DIR)/Aphelion.app/$(BUNDLE_EXECUTABLE_FOLDER_PATH)/Aphelion";
			};
			name = Release;
		};
		1104DCF22F6AA248005E9B4E /* Debug */ = {
			isa = XCBuildConfiguration;
			buildSettings = {
				CODE_SIGN_STYLE = Automatic;
				CURRENT_PROJECT_VERSION = 1;
				GENERATE_INFOPLIST_FILE = YES;
				MARKETING_VERSION = 1.0;
				PRODUCT_BUNDLE_IDENTIFIER = com.nikita.dev.AphelionUITests;
				PRODUCT_NAME = "$(TARGET_NAME)";
				STRING_CATALOG_GENERATE_SYMBOLS = NO;
				SWIFT_APPROACHABLE_CONCURRENCY = YES;
				SWIFT_EMIT_LOC_STRINGS = NO;
				SWIFT_UPCOMING_FEATURE_MEMBER_IMPORT_VISIBILITY = YES;
				SWIFT_VERSION = 5.0;
				TARGETED_DEVICE_FAMILY = "1,2";
				TEST_TARGET_NAME = Aphelion;
			};
			name = Debug;
		};
		1104DCF32F6AA248005E9B4E /* Release */ = {
			isa = XCBuildConfiguration;
			buildSettings = {
				CODE_SIGN_STYLE = Automatic;
				CURRENT_PROJECT_VERSION = 1;
				GENERATE_INFOPLIST_FILE = YES;
				MARKETING_VERSION = 1.0;
				PRODUCT_BUNDLE_IDENTIFIER = com.nikita.dev.AphelionUITests;
				PRODUCT_NAME = "$(TARGET_NAME)";
				STRING_CATALOG_GENERATE_SYMBOLS = NO;
				SWIFT_APPROACHABLE_CONCURRENCY = YES;
				SWIFT_EMIT_LOC_STRINGS = NO;
				SWIFT_UPCOMING_FEATURE_MEMBER_IMPORT_VISIBILITY = YES;
				SWIFT_VERSION = 5.0;
				TARGETED_DEVICE_FAMILY = "1,2";
				TEST_TARGET_NAME = Aphelion;
			};
			name = Release;
		};
/* End XCBuildConfiguration section */

/* Begin XCConfigurationList section */
		1104DCC52F6AA246005E9B4E /* Build configuration list for PBXProject "Aphelion" */ = {
			isa = XCConfigurationList;
			buildConfigurations = (
				1104DCE92F6AA248005E9B4E /* Debug */,
				1104DCEA2F6AA248005E9B4E /* Release */,
			);
			defaultConfigurationIsVisible = 0;
			defaultConfigurationName = Release;
		};
		1104DCEB2F6AA248005E9B4E /* Build configuration list for PBXNativeTarget "Aphelion" */ = {
			isa = XCConfigurationList;
			buildConfigurations = (
				1104DCEC2F6AA248005E9B4E /* Debug */,
				1104DCED2F6AA248005E9B4E /* Release */,
			);
			defaultConfigurationIsVisible = 0;
			defaultConfigurationName = Release;
		};
		1104DCEE2F6AA248005E9B4E /* Build configuration list for PBXNativeTarget "AphelionTests" */ = {
			isa = XCConfigurationList;
			buildConfigurations = (
				1104DCEF2F6AA248005E9B4E /* Debug */,
				1104DCF02F6AA248005E9B4E /* Release */,
			);
			defaultConfigurationIsVisible = 0;
			defaultConfigurationName = Release;
		};
		1104DCF12F6AA248005E9B4E /* Build configuration list for PBXNativeTarget "AphelionUITests" */ = {
			isa = XCConfigurationList;
			buildConfigurations = (
				1104DCF22F6AA248005E9B4E /* Debug */,
				1104DCF32F6AA248005E9B4E /* Release */,
			);
			defaultConfigurationIsVisible = 0;
			defaultConfigurationName = Release;
		};
/* End XCConfigurationList section */
	};
	rootObject = 1104DCC22F6AA246005E9B4E /* Project object */;
}
